
Microsoft Visual Studio Solution File, Format Version 12.00
# Visual Studio 15
VisualStudioVersion = 15.0.27428.1
MinimumVisualStudioVersion = 10.0.40219.1
Project("{FAE04EC0-301F-11D3-BF4B-00C04F79EFBC}") = "GithubX.UWP", "GithubX.UWP\GithubX.UWP.csproj", "{8D3D78A8-54AB-4465-A040-CAFA9C2775B3}"
EndProject
Project("{FAE04EC0-301F-11D3-BF4B-00C04F79EFBC}") = "GithubX.Android", "GithubX.Android\GithubX.Android.csproj", "{0E58663D-29EB-4CDD-974F-F28CC29C8912}"
EndProject
Project("{FAE04EC0-301F-11D3-BF4B-00C04F79EFBC}") = "GithubX.Shared", "GithubX.Shared\GithubX.Shared.csproj", "{8412680B-6446-4AD2-A598-8509F4B8750E}"
EndProject
Global
	GlobalSection(SolutionConfigurationPlatforms) = preSolution
		Debug|Any CPU = Debug|Any CPU
		Debug|ARM = Debug|ARM
		Debug|x64 = Debug|x64
		Debug|x86 = Debug|x86
		Release|Any CPU = Release|Any CPU
		Release|ARM = Release|ARM
		Release|x64 = Release|x64
		Release|x86 = Release|x86
	EndGlobalSection
	GlobalSection(ProjectConfigurationPlatforms) = postSolution
		{8D3D78A8-54AB-4465-A040-CAFA9C2775B3}.Debug|Any CPU.ActiveCfg = Debug|x86
		{8D3D78A8-54AB-4465-A040-CAFA9C2775B3}.Debug|ARM.ActiveCfg = Debug|ARM
		{8D3D78A8-54AB-4465-A040-CAFA9C2775B3}.Debug|ARM.Build.0 = Debug|ARM
		{8D3D78A8-54AB-4465-A040-CAFA9C2775B3}.Debug|ARM.Deploy.0 = Debug|ARM
		{8D3D78A8-54AB-4465-A040-CAFA9C2775B3}.Debug|x64.ActiveCfg = Debug|x64
		{8D3D78A8-54AB-4465-A040-CAFA9C2775B3}.Debug|x64.Build.0 = Debug|x64
		{8D3D78A8-54AB-4465-A040-CAFA9C2775B3}.Debug|x64.Deploy.0 = Debug|x64
		{8D3D78A8-54AB-4465-A040-CAFA9C2775B3}.Debug|x86.ActiveCfg = Debug|x86
		{8D3D78A8-54AB-4465-A040-CAFA9C2775B3}.Debug|x86.Build.0 = Debug|x86
		{8D3D78A8-54AB-4465-A040-CAFA9C2775B3}.Debug|x86.Deploy.0 = Debug|x86
		{8D3D78A8-54AB-4465-A040-CAFA9C2775B3}.Release|Any CPU.ActiveCfg = Release|x86
		{8D3D78A8-54AB-4465-A040-CAFA9C2775B3}.Release|ARM.ActiveCfg = Release|ARM
		{8D3D78A8-54AB-4465-A040-CAFA9C2775B3}.Release|ARM.Build.0 = Release|ARM
		{8D3D78A8-54AB-4465-A040-CAFA9C2775B3}.Release|ARM.Deploy.0 = Release|ARM
		{8D3D78A8-54AB-4465-A040-CAFA9C2775B3}.Release|x64.ActiveCfg = Release|x64
		{8D3D78A8-54AB-4465-A040-CAFA9C2775B3}.Release|x64.Build.0 = Release|x64
		{8D3D78A8-54AB-4465-A040-CAFA9C2775B3}.Release|x64.Deploy.0 = Release|x64
		{8D3D78A8-54AB-4465-A040-CAFA9C2775B3}.Release|x86.ActiveCfg = Release|x86
		{8D3D78A8-54AB-4465-A040-CAFA9C2775B3}.Release|x86.Build.0 = Release|x86
		{8D3D78A8-54AB-4465-A040-CAFA9C2775B3}.Release|x86.Deploy.0 = Release|x86
		{0E58663D-29EB-4CDD-974F-F28CC29C8912}.Debug|Any CPU.ActiveCfg = Debug|Any CPU
		{0E58663D-29EB-4CDD-974F-F28CC29C8912}.Debug|Any CPU.Build.0 = Debug|Any CPU
		{0E58663D-29EB-4CDD-974F-F28CC29C8912}.Debug|Any CPU.Deploy.0 = Debug|Any CPU
		{0E58663D-29EB-4CDD-974F-F28CC29C8912}.Debug|ARM.ActiveCfg = Debug|Any CPU
		{0E58663D-29EB-4CDD-974F-F28CC29C8912}.Debug|ARM.Build.0 = Debug|Any CPU
		{0E58663D-29EB-4CDD-974F-F28CC29C8912}.Debug|ARM.Deploy.0 = Debug|Any CPU
		{0E58663D-29EB-4CDD-974F-F28CC29C8912}.Debug|x64.ActiveCfg = Debug|Any CPU
		{0E58663D-29EB-4CDD-974F-F28CC29C8912}.Debug|x64.Build.0 = Debug|Any CPU
		{0E58663D-29EB-4CDD-974F-F28CC29C8912}.Debug|x64.Deploy.0 = Debug|Any CPU
		{0E58663D-29EB-4CDD-974F-F28CC29C8912}.Debug|x86.ActiveCfg = Debug|Any CPU
		{0E58663D-29EB-4CDD-974F-F28CC29C8912}.Debug|x86.Build.0 = Debug|Any CPU
		{0E58663D-29EB-4CDD-974F-F28CC29C8912}.Debug|x86.Deploy.0 = Debug|Any CPU
		{0E58663D-29EB-4CDD-974F-F28CC29C8912}.Release|Any CPU.ActiveCfg = Release|Any CPU
		{0E58663D-29EB-4CDD-974F-F28CC29C8912}.Release|Any CPU.Build.0 = Release|Any CPU
		{0E58663D-29EB-4CDD-974F-F28CC29C8912}.Release|Any CPU.Deploy.0 = Release|Any CPU
		{0E58663D-29EB-4CDD-974F-F28CC29C8912}.Release|ARM.ActiveCfg = Release|Any CPU
		{0E58663D-29EB-4CDD-974F-F28CC29C8912}.Release|ARM.Build.0 = Release|Any CPU
		{0E58663D-29EB-4CDD-974F-F28CC29C8912}.Release|ARM.Deploy.0 = Release|Any CPU
		{0E58663D-29EB-4CDD-974F-F28CC29C8912}.Release|x64.ActiveCfg = Release|Any CPU
		{0E58663D-29EB-4CDD-974F-F28CC29C8912}.Release|x64.Build.0 = Release|Any CPU
		{0E58663D-29EB-4CDD-974F-F28CC29C8912}.Release|x64.Deploy.0 = Release|Any CPU
		{0E58663D-29EB-4CDD-974F-F28CC29C8912}.Release|x86.ActiveCfg = Release|Any CPU
		{0E58663D-29EB-4CDD-974F-F28CC29C8912}.Release|x86.Build.0 = Release|Any CPU
		{0E58663D-29EB-4CDD-974F-F28CC29C8912}.Release|x86.Deploy.0 = Release|Any CPU
		{8412680B-6446-4AD2-A598-8509F4B8750E}.Debug|Any CPU.ActiveCfg = Debug|Any CPU
		{8412680B-6446-4AD2-A598-8509F4B8750E}.Debug|Any CPU.Build.0 = Debug|Any CPU
		{8412680B-6446-4AD2-A598-8509F4B8750E}.Debug|ARM.ActiveCfg = Debug|Any CPU
		{8412680B-6446-4AD2-A598-8509F4B8750E}.Debug|ARM.Build.0 = Debug|Any CPU
		{8412680B-6446-4AD2-A598-8509F4B8750E}.Debug|x64.ActiveCfg = Debug|Any CPU
		{8412680B-6446-4AD2-A598-8509F4B8750E}.Debug|x64.Build.0 = Debug|Any CPU
		{8412680B-6446-4AD2-A598-8509F4B8750E}.Debug|x86.ActiveCfg = Debug|Any CPU
		{8412680B-6446-4AD2-A598-8509F4B8750E}.Debug|x86.Build.0 = Debug|Any CPU
		{8412680B-6446-4AD2-A598-8509F4B8750E}.Release|Any CPU.ActiveCfg = Release|Any CPU
		{8412680B-6446-4AD2-A598-8509F4B8750E}.Release|Any CPU.Build.0 = Release|Any CPU
		{8412680B-6446-4AD2-A598-8509F4B8750E}.Release|ARM.ActiveCfg = Release|Any CPU
		{8412680B-6446-4AD2-A598-8509F4B8750E}.Release|ARM.Build.0 = Release|Any CPU
		{8412680B-6446-4AD2-A598-8509F4B8750E}.Release|x64.ActiveCfg = Release|Any CPU
		{8412680B-6446-4AD2-A598-8509F4B8750E}.Release|x64.Build.0 = Release|Any CPU
		{8412680B-6446-4AD2-A598-8509F4B8750E}.Release|x86.ActiveCfg = Release|Any CPU
		{8412680B-6446-4AD2-A598-8509F4B8750E}.Release|x86.Build.0 = Release|Any CPU
	EndGlobalSection
	GlobalSection(SolutionProperties) = preSolution
		HideSolutionNode = FALSE
	EndGlobalSection
	GlobalSection(ExtensibilityGlobals) = postSolution
		SolutionGuid = {67151C9A-0BA9-477C-8499-33597E84DFD4}
	EndGlobalSection
EndGlobal
